
Microsoft Visual Studio Solution File, Format Version 12.00
# Visual Studio Version 17
VisualStudioVersion = 17.5.33516.290
MinimumVisualStudioVersion = 10.0.40219.1
Project("{9A19103F-16F7-4668-BE54-9A1E7A4F7556}") = "MarketPlaceNew", "MarketPlaceNew.csproj", "{DADC3ED0-27DB-4528-B040-B6C2801B25DF}"
EndProject
Global
	GlobalSection(SolutionConfigurationPlatforms) = preSolution
		Debug|Any CPU = Debug|Any CPU
		Release|Any CPU = Release|Any CPU
	EndGlobalSection
	GlobalSection(ProjectConfigurationPlatforms) = postSolution
		{DADC3ED0-27DB-4528-B040-B6C2801B25DF}.Debug|Any CPU.ActiveCfg = Debug|Any CPU
		{DADC3ED0-27DB-4528-B040-B6C2801B25DF}.Debug|Any CPU.Build.0 = Debug|Any CPU
		{DADC3ED0-27DB-4528-B040-B6C2801B25DF}.Release|Any CPU.ActiveCfg = Release|Any CPU
		{DADC3ED0-27DB-4528-B040-B6C2801B25DF}.Release|Any CPU.Build.0 = Release|Any CPU
	EndGlobalSection
	GlobalSection(SolutionProperties) = preSolution
		HideSolutionNode = FALSE
	EndGlobalSection
	GlobalSection(ExtensibilityGlobals) = postSolution
		SolutionGuid = {B3A51E38-D6E8-4526-9894-84C322D23901}
	EndGlobalSection
EndGlobal
